
Microsoft Visual Studio Solution File, Format Version 12.00
# Visual Studio 15
VisualStudioVersion = 15.0.26124.0
MinimumVisualStudioVersion = 15.0.26124.0
Project("{FAE04EC0-301F-11D3-BF4B-00C04F79EFBC}") = "Domain", "Domain\Domain.csproj", "{4CB9D130-B148-4AE2-B7B3-FB00F9F91071}"
EndProject
Project("{FAE04EC0-301F-11D3-BF4B-00C04F79EFBC}") = "Application", "Application\Application.csproj", "{A150D598-3EEF-4B3F-A03B-3D078E079640}"
EndProject
Project("{FAE04EC0-301F-11D3-BF4B-00C04F79EFBC}") = "API", "API\API.csproj", "{C434EFC6-DBA9-4126-B0AC-51D546C5FD33}"
EndProject
Project("{FAE04EC0-301F-11D3-BF4B-00C04F79EFBC}") = "Persistence", "Persistence\Persistence.csproj", "{73CEBE8E-7BF2-454C-992A-5EE9573066D9}"
EndProject
Project("{FAE04EC0-301F-11D3-BF4B-00C04F79EFBC}") = "Infrastructure", "Infrastructure\Infrastructure.csproj", "{249AB6F0-F43C-42C6-9866-985BFE245935}"
EndProject
Global
	GlobalSection(SolutionConfigurationPlatforms) = preSolution
		Debug|Any CPU = Debug|Any CPU
		Debug|x64 = Debug|x64
		Debug|x86 = Debug|x86
		Release|Any CPU = Release|Any CPU
		Release|x64 = Release|x64
		Release|x86 = Release|x86
	EndGlobalSection
	GlobalSection(SolutionProperties) = preSolution
		HideSolutionNode = FALSE
	EndGlobalSection
	GlobalSection(ProjectConfigurationPlatforms) = postSolution
		{4CB9D130-B148-4AE2-B7B3-FB00F9F91071}.Debug|Any CPU.ActiveCfg = Debug|Any CPU
		{4CB9D130-B148-4AE2-B7B3-FB00F9F91071}.Debug|Any CPU.Build.0 = Debug|Any CPU
		{4CB9D130-B148-4AE2-B7B3-FB00F9F91071}.Debug|x64.ActiveCfg = Debug|Any CPU
		{4CB9D130-B148-4AE2-B7B3-FB00F9F91071}.Debug|x64.Build.0 = Debug|Any CPU
		{4CB9D130-B148-4AE2-B7B3-FB00F9F91071}.Debug|x86.ActiveCfg = Debug|Any CPU
		{4CB9D130-B148-4AE2-B7B3-FB00F9F91071}.Debug|x86.Build.0 = Debug|Any CPU
		{4CB9D130-B148-4AE2-B7B3-FB00F9F91071}.Release|Any CPU.ActiveCfg = Release|Any CPU
		{4CB9D130-B148-4AE2-B7B3-FB00F9F91071}.Release|Any CPU.Build.0 = Release|Any CPU
		{4CB9D130-B148-4AE2-B7B3-FB00F9F91071}.Release|x64.ActiveCfg = Release|Any CPU
		{4CB9D130-B148-4AE2-B7B3-FB00F9F91071}.Release|x64.Build.0 = Release|Any CPU
		{4CB9D130-B148-4AE2-B7B3-FB00F9F91071}.Release|x86.ActiveCfg = Release|Any CPU
		{4CB9D130-B148-4AE2-B7B3-FB00F9F91071}.Release|x86.Build.0 = Release|Any CPU
		{A150D598-3EEF-4B3F-A03B-3D078E079640}.Debug|Any CPU.ActiveCfg = Debug|Any CPU
		{A150D598-3EEF-4B3F-A03B-3D078E079640}.Debug|Any CPU.Build.0 = Debug|Any CPU
		{A150D598-3EEF-4B3F-A03B-3D078E079640}.Debug|x64.ActiveCfg = Debug|Any CPU
		{A150D598-3EEF-4B3F-A03B-3D078E079640}.Debug|x64.Build.0 = Debug|Any CPU
		{A150D598-3EEF-4B3F-A03B-3D078E079640}.Debug|x86.ActiveCfg = Debug|Any CPU
		{A150D598-3EEF-4B3F-A03B-3D078E079640}.Debug|x86.Build.0 = Debug|Any CPU
		{A150D598-3EEF-4B3F-A03B-3D078E079640}.Release|Any CPU.ActiveCfg = Release|Any CPU
		{A150D598-3EEF-4B3F-A03B-3D078E079640}.Release|Any CPU.Build.0 = Release|Any CPU
		{A150D598-3EEF-4B3F-A03B-3D078E079640}.Release|x64.ActiveCfg = Release|Any CPU
		{A150D598-3EEF-4B3F-A03B-3D078E079640}.Release|x64.Build.0 = Release|Any CPU
		{A150D598-3EEF-4B3F-A03B-3D078E079640}.Release|x86.ActiveCfg = Release|Any CPU
		{A150D598-3EEF-4B3F-A03B-3D078E079640}.Release|x86.Build.0 = Release|Any CPU
		{C434EFC6-DBA9-4126-B0AC-51D546C5FD33}.Debug|Any CPU.ActiveCfg = Debug|Any CPU
		{C434EFC6-DBA9-4126-B0AC-51D546C5FD33}.Debug|Any CPU.Build.0 = Debug|Any CPU
		{C434EFC6-DBA9-4126-B0AC-51D546C5FD33}.Debug|x64.ActiveCfg = Debug|Any CPU
		{C434EFC6-DBA9-4126-B0AC-51D546C5FD33}.Debug|x64.Build.0 = Debug|Any CPU
		{C434EFC6-DBA9-4126-B0AC-51D546C5FD33}.Debug|x86.ActiveCfg = Debug|Any CPU
		{C434EFC6-DBA9-4126-B0AC-51D546C5FD33}.Debug|x86.Build.0 = Debug|Any CPU
		{C434EFC6-DBA9-4126-B0AC-51D546C5FD33}.Release|Any CPU.ActiveCfg = Release|Any CPU
		{C434EFC6-DBA9-4126-B0AC-51D546C5FD33}.Release|Any CPU.Build.0 = Release|Any CPU
		{C434EFC6-DBA9-4126-B0AC-51D546C5FD33}.Release|x64.ActiveCfg = Release|Any CPU
		{C434EFC6-DBA9-4126-B0AC-51D546C5FD33}.Release|x64.Build.0 = Release|Any CPU
		{C434EFC6-DBA9-4126-B0AC-51D546C5FD33}.Release|x86.ActiveCfg = Release|Any CPU
		{C434EFC6-DBA9-4126-B0AC-51D546C5FD33}.Release|x86.Build.0 = Release|Any CPU
		{73CEBE8E-7BF2-454C-992A-5EE9573066D9}.Debug|Any CPU.ActiveCfg = Debug|Any CPU
		{73CEBE8E-7BF2-454C-992A-5EE9573066D9}.Debug|Any CPU.Build.0 = Debug|Any CPU
		{73CEBE8E-7BF2-454C-992A-5EE9573066D9}.Debug|x64.ActiveCfg = Debug|Any CPU
		{73CEBE8E-7BF2-454C-992A-5EE9573066D9}.Debug|x64.Build.0 = Debug|Any CPU
		{73CEBE8E-7BF2-454C-992A-5EE9573066D9}.Debug|x86.ActiveCfg = Debug|Any CPU
		{73CEBE8E-7BF2-454C-992A-5EE9573066D9}.Debug|x86.Build.0 = Debug|Any CPU
		{73CEBE8E-7BF2-454C-992A-5EE9573066D9}.Release|Any CPU.ActiveCfg = Release|Any CPU
		{73CEBE8E-7BF2-454C-992A-5EE9573066D9}.Release|Any CPU.Build.0 = Release|Any CPU
		{73CEBE8E-7BF2-454C-992A-5EE9573066D9}.Release|x64.ActiveCfg = Release|Any CPU
		{73CEBE8E-7BF2-454C-992A-5EE9573066D9}.Release|x64.Build.0 = Release|Any CPU
		{73CEBE8E-7BF2-454C-992A-5EE9573066D9}.Release|x86.ActiveCfg = Release|Any CPU
		{73CEBE8E-7BF2-454C-992A-5EE9573066D9}.Release|x86.Build.0 = Release|Any CPU
		{249AB6F0-F43C-42C6-9866-985BFE245935}.Debug|Any CPU.ActiveCfg = Debug|Any CPU
		{249AB6F0-F43C-42C6-9866-985BFE245935}.Debug|Any CPU.Build.0 = Debug|Any CPU
		{249AB6F0-F43C-42C6-9866-985BFE245935}.Debug|x64.ActiveCfg = Debug|Any CPU
		{249AB6F0-F43C-42C6-9866-985BFE245935}.Debug|x64.Build.0 = Debug|Any CPU
		{249AB6F0-F43C-42C6-9866-985BFE245935}.Debug|x86.ActiveCfg = Debug|Any CPU
		{249AB6F0-F43C-42C6-9866-985BFE245935}.Debug|x86.Build.0 = Debug|Any CPU
		{249AB6F0-F43C-42C6-9866-985BFE245935}.Release|Any CPU.ActiveCfg = Release|Any CPU
		{249AB6F0-F43C-42C6-9866-985BFE245935}.Release|Any CPU.Build.0 = Release|Any CPU
		{249AB6F0-F43C-42C6-9866-985BFE245935}.Release|x64.ActiveCfg = Release|Any CPU
		{249AB6F0-F43C-42C6-9866-985BFE245935}.Release|x64.Build.0 = Release|Any CPU
		{249AB6F0-F43C-42C6-9866-985BFE245935}.Release|x86.ActiveCfg = Release|Any CPU
		{249AB6F0-F43C-42C6-9866-985BFE245935}.Release|x86.Build.0 = Release|Any CPU
	EndGlobalSection
EndGlobal
